
Microsoft Visual Studio Solution File, Format Version 12.00
# Visual Studio Version 17
VisualStudioVersion = 17.3.32922.545
MinimumVisualStudioVersion = 10.0.40219.1
Project("{8BC9CEB8-8B4A-11D0-8D11-00A0C91BC942}") = "Experiment_Class_2", "Experiment_Class_2.vcxproj", "{A988C7C5-5546-4E33-9AA5-DD73FADBBE92}"
EndProject
Global
	GlobalSection(SolutionConfigurationPlatforms) = preSolution
		Debug|x64 = Debug|x64
		Debug|x86 = Debug|x86
		Release|x64 = Release|x64
		Release|x86 = Release|x86
	EndGlobalSection
	GlobalSection(ProjectConfigurationPlatforms) = postSolution
		{A988C7C5-5546-4E33-9AA5-DD73FADBBE92}.Debug|x64.ActiveCfg = Debug|x64
		{A988C7C5-5546-4E33-9AA5-DD73FADBBE92}.Debug|x64.Build.0 = Debug|x64
		{A988C7C5-5546-4E33-9AA5-DD73FADBBE92}.Debug|x86.ActiveCfg = Debug|Win32
		{A988C7C5-5546-4E33-9AA5-DD73FADBBE92}.Debug|x86.Build.0 = Debug|Win32
		{A988C7C5-5546-4E33-9AA5-DD73FADBBE92}.Release|x64.ActiveCfg = Release|x64
		{A988C7C5-5546-4E33-9AA5-DD73FADBBE92}.Release|x64.Build.0 = Release|x64
		{A988C7C5-5546-4E33-9AA5-DD73FADBBE92}.Release|x86.ActiveCfg = Release|Win32
		{A988C7C5-5546-4E33-9AA5-DD73FADBBE92}.Release|x86.Build.0 = Release|Win32
	EndGlobalSection
	GlobalSection(SolutionProperties) = preSolution
		HideSolutionNode = FALSE
	EndGlobalSection
	GlobalSection(ExtensibilityGlobals) = postSolution
		SolutionGuid = {B8790A98-B6F9-44FD-8375-F66316DC0482}
	EndGlobalSection
EndGlobal
